// !$*UTF8*$!
{
	archiveVersion = 1;
	classes = {
	};
	objectVersion = 77;
	objects = {

/* Begin PBXBuildFile section */
		653AEE5A2EED5C2A00836DA1 /* MWDATCamera in Frameworks */ = {isa = PBXBuildFile; productRef = 653AEE592EED5C2A00836DA1 /* MWDATCamera */; };
		653AEE5C2EED5C2A00836DA1 /* MWDATCore in Frameworks */ = {isa = PBXBuildFile; productRef = 653AEE5B2EED5C2A00836DA1 /* MWDATCore */; };
		653AEE5E2EED5C2A00836DA1 /* MWDATMockDevice in Frameworks */ = {isa = PBXBuildFile; productRef = 653AEE5D2EED5C2A00836DA1 /* MWDATMockDevice */; };
/* End PBXBuildFile section */

/* Begin PBXContainerItemProxy section */
		653AEE3C2EED5BB500836DA1 /* PBXContainerItemProxy */ = {
			isa = PBXContainerItemProxy;
			containerPortal = 653AEE242EED5BB400836DA1 /* Project object */;
			proxyType = 1;
			remoteGlobalIDString = 653AEE2B2EED5BB400836DA1;
			remoteInfo = "meta-stickers";
		};
		653AEE462EED5BB500836DA1 /* PBXContainerItemProxy */ = {
			isa = PBXContainerItemProxy;
			containerPortal = 653AEE242EED5BB400836DA1 /* Project object */;
			proxyType = 1;
			remoteGlobalIDString = 653AEE2B2EED5BB400836DA1;
			remoteInfo = "meta-stickers";
		};
/* End PBXContainerItemProxy section */

/* Begin PBXFileReference section */
		653AEE2C2EED5BB400836DA1 /* meta-stickers.app */ = {isa = PBXFileReference; explicitFileType = wrapper.application; includeInIndex = 0; path = "meta-stickers.app"; sourceTree = BUILT_PRODUCTS_DIR; };
		653AEE3B2EED5BB500836DA1 /* meta-stickersTests.xctest */ = {isa = PBXFileReference; explicitFileType = wrapper.cfbundle; includeInIndex = 0; path = "meta-stickersTests.xctest"; sourceTree = BUILT_PRODUCTS_DIR; };
		653AEE452EED5BB500836DA1 /* meta-stickersUITests.xctest */ = {isa = PBXFileReference; explicitFileType = wrapper.cfbundle; includeInIndex = 0; path = "meta-stickersUITests.xctest"; sourceTree = BUILT_PRODUCTS_DIR; };
/* End PBXFileReference section */

/* Begin PBXFileSystemSynchronizedRootGroup section */
		653AEE2E2EED5BB400836DA1 /* meta-stickers */ = {
			isa = PBXFileSystemSynchronizedRootGroup;
			path = "meta-stickers";
			sourceTree = "<group>";
		};
		653AEE3E2EED5BB500836DA1 /* meta-stickersTests */ = {
			isa = PBXFileSystemSynchronizedRootGroup;
			path = "meta-stickersTests";
			sourceTree = "<group>";
		};
		653AEE482EED5BB500836DA1 /* meta-stickersUITests */ = {
			isa = PBXFileSystemSynchronizedRootGroup;
			path = "meta-stickersUITests";
			sourceTree = "<group>";
		};
/* End PBXFileSystemSynchronizedRootGroup section */

/* Begin PBXFrameworksBuildPhase section */
		653AEE292EED5BB400836DA1 /* Frameworks */ = {
			isa = PBXFrameworksBuildPhase;
			buildActionMask = 2147483647;
			files = (
				653AEE5A2EED5C2A00836DA1 /* MWDATCamera in Frameworks */,
				653AEE5E2EED5C2A00836DA1 /* MWDATMockDevice in Frameworks */,
				653AEE5C2EED5C2A00836DA1 /* MWDATCore in Frameworks */,
			);
			runOnlyForDeploymentPostprocessing = 0;
		};
		653AEE382EED5BB500836DA1 /* Frameworks */ = {
			isa = PBXFrameworksBuildPhase;
			buildActionMask = 2147483647;
			files = (
			);
			runOnlyForDeploymentPostprocessing = 0;
		};
		653AEE422EED5BB500836DA1 /* Frameworks */ = {
			isa = PBXFrameworksBuildPhase;
			buildActionMask = 2147483647;
			files = (
			);
			runOnlyForDeploymentPostprocessing = 0;
		};
/* End PBXFrameworksBuildPhase section */

/* Begin PBXGroup section */
		653AEE232EED5BB400836DA1 = {
			isa = PBXGroup;
			children = (
				653AEE2E2EED5BB400836DA1 /* meta-stickers */,
				653AEE3E2EED5BB500836DA1 /* meta-stickersTests */,
				653AEE482EED5BB500836DA1 /* meta-stickersUITests */,
				653AEE2D2EED5BB400836DA1 /* Products */,
			);
			sourceTree = "<group>";
		};
		653AEE2D2EED5BB400836DA1 /* Products */ = {
			isa = PBXGroup;
			children = (
				653AEE2C2EED5BB400836DA1 /* meta-stickers.app */,
				653AEE3B2EED5BB500836DA1 /* meta-stickersTests.xctest */,
				653AEE452EED5BB500836DA1 /* meta-stickersUITests.xctest */,
			);
			name = Products;
			sourceTree = "<group>";
		};
/* End PBXGroup section */

/* Begin PBXNativeTarget section */
		653AEE2B2EED5BB400836DA1 /* meta-stickers */ = {
			isa = PBXNativeTarget;
			buildConfigurationList = 653AEE4F2EED5BB500836DA1 /* Build configuration list for PBXNativeTarget "meta-stickers" */;
			buildPhases = (
				653AEE282EED5BB400836DA1 /* Sources */,
				653AEE292EED5BB400836DA1 /* Frameworks */,
				653AEE2A2EED5BB400836DA1 /* Resources */,
			);
			buildRules = (
			);
			dependencies = (
			);
			fileSystemSynchronizedGroups = (
				653AEE2E2EED5BB400836DA1 /* meta-stickers */,
			);
			name = "meta-stickers";
			packageProductDependencies = (
				653AEE592EED5C2A00836DA1 /* MWDATCamera */,
				653AEE5B2EED5C2A00836DA1 /* MWDATCore */,
				653AEE5D2EED5C2A00836DA1 /* MWDATMockDevice */,
			);
			productName = "meta-stickers";
			productReference = 653AEE2C2EED5BB400836DA1 /* meta-stickers.app */;
			productType = "com.apple.product-type.application";
		};
		653AEE3A2EED5BB500836DA1 /* meta-stickersTests */ = {
			isa = PBXNativeTarget;
			buildConfigurationList = 653AEE522EED5BB500836DA1 /* Build configuration list for PBXNativeTarget "meta-stickersTests" */;
			buildPhases = (
				653AEE372EED5BB500836DA1 /* Sources */,
				653AEE382EED5BB500836DA1 /* Frameworks */,
				653AEE392EED5BB500836DA1 /* Resources */,
			);
			buildRules = (
			);
			dependencies = (
				653AEE3D2EED5BB500836DA1 /* PBXTargetDependency */,
			);
			fileSystemSynchronizedGroups = (
				653AEE3E2EED5BB500836DA1 /* meta-stickersTests */,
			);
			name = "meta-stickersTests";
			packageProductDependencies = (
			);
			productName = "meta-stickersTests";
			productReference = 653AEE3B2EED5BB500836DA1 /* meta-stickersTests.xctest */;
			productType = "com.apple.product-type.bundle.unit-test";
		};
		653AEE442EED5BB500836DA1 /* meta-stickersUITests */ = {
			isa = PBXNativeTarget;
			buildConfigurationList = 653AEE552EED5BB500836DA1 /* Build configuration list for PBXNativeTarget "meta-stickersUITests" */;
			buildPhases = (
				653AEE412EED5BB500836DA1 /* Sources */,
				653AEE422EED5BB500836DA1 /* Frameworks */,
				653AEE432EED5BB500836DA1 /* Resources */,
			);
			buildRules = (
			);
			dependencies = (
				653AEE472EED5BB500836DA1 /* PBXTargetDependency */,
			);
			fileSystemSynchronizedGroups = (
				653AEE482EED5BB500836DA1 /* meta-stickersUITests */,
			);
			name = "meta-stickersUITests";
			packageProductDependencies = (
			);
			productName = "meta-stickersUITests";
			productReference = 653AEE452EED5BB500836DA1 /* meta-stickersUITests.xctest */;
			productType = "com.apple.product-type.bundle.ui-testing";
		};
/* End PBXNativeTarget section */

/* Begin PBXProject section */
		653AEE242EED5BB400836DA1 /* Project object */ = {
			isa = PBXProject;
			attributes = {
				BuildIndependentTargetsInParallel = 1;
				LastSwiftUpdateCheck = 2600;
				LastUpgradeCheck = 2600;
				TargetAttributes = {
					653AEE2B2EED5BB400836DA1 = {
						CreatedOnToolsVersion = 26.0.1;
					};
					653AEE3A2EED5BB500836DA1 = {
						CreatedOnToolsVersion = 26.0.1;
						TestTargetID = 653AEE2B2EED5BB400836DA1;
					};
					653AEE442EED5BB500836DA1 = {
						CreatedOnToolsVersion = 26.0.1;
						TestTargetID = 653AEE2B2EED5BB400836DA1;
					};
				};
			};
			buildConfigurationList = 653AEE272EED5BB400836DA1 /* Build configuration list for PBXProject "meta-stickers" */;
			developmentRegion = en;
			hasScannedForEncodings = 0;
			knownRegions = (
				en,
				Base,
			);
			mainGroup = 653AEE232EED5BB400836DA1;
			minimizedProjectReferenceProxies = 1;
			packageReferences = (
				653AEE582EED5C2A00836DA1 /* XCRemoteSwiftPackageReference "meta-wearables-dat-ios" */,
			);
			preferredProjectObjectVersion = 77;
			productRefGroup = 653AEE2D2EED5BB400836DA1 /* Products */;
			projectDirPath = "";
			projectRoot = "";
			targets = (
				653AEE2B2EED5BB400836DA1 /* meta-stickers */,
				653AEE3A2EED5BB500836DA1 /* meta-stickersTests */,
				653AEE442EED5BB500836DA1 /* meta-stickersUITests */,
			);
		};
/* End PBXProject section */

/* Begin PBXResourcesBuildPhase section */
		653AEE2A2EED5BB400836DA1 /* Resources */ = {
			isa = PBXResourcesBuildPhase;
			buildActionMask = 2147483647;
			files = (
			);
			runOnlyForDeploymentPostprocessing = 0;
		};
		653AEE392EED5BB500836DA1 /* Resources */ = {
			isa = PBXResourcesBuildPhase;
			buildActionMask = 2147483647;
			files = (
			);
			runOnlyForDeploymentPostprocessing = 0;
		};
		653AEE432EED5BB500836DA1 /* Resources */ = {
			isa = PBXResourcesBuildPhase;
			buildActionMask = 2147483647;
			files = (
			);
			runOnlyForDeploymentPostprocessing = 0;
		};
/* End PBXResourcesBuildPhase section */

/* Begin PBXSourcesBuildPhase section */
		653AEE282EED5BB400836DA1 /* Sources */ = {
			isa = PBXSourcesBuildPhase;
			buildActionMask = 2147483647;
			files = (
			);
			runOnlyForDeploymentPostprocessing = 0;
		};
		653AEE372EED5BB500836DA1 /* Sources */ = {
			isa = PBXSourcesBuildPhase;
			buildActionMask = 2147483647;
			files = (
			);
			runOnlyForDeploymentPostprocessing = 0;
		};
		653AEE412EED5BB500836DA1 /* Sources */ = {
			isa = PBXSourcesBuildPhase;
			buildActionMask = 2147483647;
			files = (
			);
			runOnlyForDeploymentPostprocessing = 0;
		};
/* End PBXSourcesBuildPhase section */

/* Begin PBXTargetDependency section */
		653AEE3D2EED5BB500836DA1 /* PBXTargetDependency */ = {
			isa = PBXTargetDependency;
			target = 653AEE2B2EED5BB400836DA1 /* meta-stickers */;
			targetProxy = 653AEE3C2EED5BB500836DA1 /* PBXContainerItemProxy */;
		};
		653AEE472EED5BB500836DA1 /* PBXTargetDependency */ = {
			isa = PBXTargetDependency;
			target = 653AEE2B2EED5BB400836DA1 /* meta-stickers */;
			targetProxy = 653AEE462EED5BB500836DA1 /* PBXContainerItemProxy */;
		};
/* End PBXTargetDependency section */

/* Begin XCBuildConfiguration section */
		653AEE4D2EED5BB500836DA1 /* Debug */ = {
			isa = XCBuildConfiguration;
			buildSettings = {
				ALWAYS_SEARCH_USER_PATHS = NO;
				ASSETCATALOG_COMPILER_GENERATE_SWIFT_ASSET_SYMBOL_EXTENSIONS = YES;
				CLANG_ANALYZER_NONNULL = YES;
				CLANG_ANALYZER_NUMBER_OBJECT_CONVERSION = YES_AGGRESSIVE;
				CLANG_CXX_LANGUAGE_STANDARD = "gnu++20";
				CLANG_ENABLE_MODULES = YES;
				CLANG_ENABLE_OBJC_ARC = YES;
				CLANG_ENABLE_OBJC_WEAK = YES;
				CLANG_WARN_BLOCK_CAPTURE_AUTORELEASING = YES;
				CLANG_WARN_BOOL_CONVERSION = YES;
				CLANG_WARN_COMMA = YES;
				CLANG_WARN_CONSTANT_CONVERSION = YES;
				CLANG_WARN_DEPRECATED_OBJC_IMPLEMENTATIONS = YES;
				CLANG_WARN_DIRECT_OBJC_ISA_USAGE = YES_ERROR;
				CLANG_WARN_DOCUMENTATION_COMMENTS = YES;
				CLANG_WARN_EMPTY_BODY = YES;
				CLANG_WARN_ENUM_CONVERSION = YES;
				CLANG_WARN_INFINITE_RECURSION = YES;
				CLANG_WARN_INT_CONVERSION = YES;
				CLANG_WARN_NON_LITERAL_NULL_CONVERSION = YES;
				CLANG_WARN_OBJC_IMPLICIT_RETAIN_SELF = YES;
				CLANG_WARN_OBJC_LITERAL_CONVERSION = YES;
				CLANG_WARN_OBJC_ROOT_CLASS = YES_ERROR;
				CLANG_WARN_QUOTED_INCLUDE_IN_FRAMEWORK_HEADER = YES;
				CLANG_WARN_RANGE_LOOP_ANALYSIS = YES;
				CLANG_WARN_STRICT_PROTOTYPES = YES;
				CLANG_WARN_SUSPICIOUS_MOVE = YES;
				CLANG_WARN_UNGUARDED_AVAILABILITY = YES_AGGRESSIVE;
				CLANG_WARN_UNREACHABLE_CODE = YES;
				CLANG_WARN__DUPLICATE_METHOD_MATCH = YES;
				COPY_PHASE_STRIP = NO;
				DEBUG_INFORMATION_FORMAT = dwarf;
				DEVELOPMENT_TEAM = XN9364SF28;
				ENABLE_STRICT_OBJC_MSGSEND = YES;
				ENABLE_TESTABILITY = YES;
				ENABLE_USER_SCRIPT_SANDBOXING = YES;
				GCC_C_LANGUAGE_STANDARD = gnu17;
				GCC_DYNAMIC_NO_PIC = NO;
				GCC_NO_COMMON_BLOCKS = YES;
				GCC_OPTIMIZATION_LEVEL = 0;
				GCC_PREPROCESSOR_DEFINITIONS = (
					"DEBUG=1",
					"$(inherited)",
				);
				GCC_WARN_64_TO_32_BIT_CONVERSION = YES;
				GCC_WARN_ABOUT_RETURN_TYPE = YES_ERROR;
				GCC_WARN_UNDECLARED_SELECTOR = YES;
				GCC_WARN_UNINITIALIZED_AUTOS = YES_AGGRESSIVE;
				GCC_WARN_UNUSED_FUNCTION = YES;
				GCC_WARN_UNUSED_VARIABLE = YES;
				IPHONEOS_DEPLOYMENT_TARGET = 26.0;
				LOCALIZATION_PREFERS_STRING_CATALOGS = YES;
				MTL_ENABLE_DEBUG_INFO = INCLUDE_SOURCE;
				MTL_FAST_MATH = YES;
				ONLY_ACTIVE_ARCH = YES;
				SDKROOT = iphoneos;
				SWIFT_ACTIVE_COMPILATION_CONDITIONS = "DEBUG $(inherited)";
				SWIFT_OPTIMIZATION_LEVEL = "-Onone";
			};
			name = Debug;
		};
		653AEE4E2EED5BB500836DA1 /* Release */ = {
			isa = XCBuildConfiguration;
			buildSettings = {
				ALWAYS_SEARCH_USER_PATHS = NO;
				ASSETCATALOG_COMPILER_GENERATE_SWIFT_ASSET_SYMBOL_EXTENSIONS = YES;
				CLANG_ANALYZER_NONNULL = YES;
				CLANG_ANALYZER_NUMBER_OBJECT_CONVERSION = YES_AGGRESSIVE;
				CLANG_CXX_LANGUAGE_STANDARD = "gnu++20";
				CLANG_ENABLE_MODULES = YES;
				CLANG_ENABLE_OBJC_ARC = YES;
				CLANG_ENABLE_OBJC_WEAK = YES;
				CLANG_WARN_BLOCK_CAPTURE_AUTORELEASING = YES;
				CLANG_WARN_BOOL_CONVERSION = YES;
				CLANG_WARN_COMMA = YES;
				CLANG_WARN_CONSTANT_CONVERSION = YES;
				CLANG_WARN_DEPRECATED_OBJC_IMPLEMENTATIONS = YES;
				CLANG_WARN_DIRECT_OBJC_ISA_USAGE = YES_ERROR;
				CLANG_WARN_DOCUMENTATION_COMMENTS = YES;
				CLANG_WARN_EMPTY_BODY = YES;
				CLANG_WARN_ENUM_CONVERSION = YES;
				CLANG_WARN_INFINITE_RECURSION = YES;
				CLANG_WARN_INT_CONVERSION = YES;
				CLANG_WARN_NON_LITERAL_NULL_CONVERSION = YES;
				CLANG_WARN_OBJC_IMPLICIT_RETAIN_SELF = YES;
				CLANG_WARN_OBJC_LITERAL_CONVERSION = YES;
				CLANG_WARN_OBJC_ROOT_CLASS = YES_ERROR;
				CLANG_WARN_QUOTED_INCLUDE_IN_FRAMEWORK_HEADER = YES;
				CLANG_WARN_RANGE_LOOP_ANALYSIS = YES;
				CLANG_WARN_STRICT_PROTOTYPES = YES;
				CLANG_WARN_SUSPICIOUS_MOVE = YES;
				CLANG_WARN_UNGUARDED_AVAILABILITY = YES_AGGRESSIVE;
				CLANG_WARN_UNREACHABLE_CODE = YES;
				CLANG_WARN__DUPLICATE_METHOD_MATCH = YES;
				COPY_PHASE_STRIP = NO;
				DEBUG_INFORMATION_FORMAT = "dwarf-with-dsym";
				DEVELOPMENT_TEAM = XN9364SF28;
				ENABLE_NS_ASSERTIONS = NO;
				ENABLE_STRICT_OBJC_MSGSEND = YES;
				ENABLE_USER_SCRIPT_SANDBOXING = YES;
				GCC_C_LANGUAGE_STANDARD = gnu17;
				GCC_NO_COMMON_BLOCKS = YES;
				GCC_WARN_64_TO_32_BIT_CONVERSION = YES;
				GCC_WARN_ABOUT_RETURN_TYPE = YES_ERROR;
				GCC_WARN_UNDECLARED_SELECTOR = YES;
				GCC_WARN_UNINITIALIZED_AUTOS = YES_AGGRESSIVE;
				GCC_WARN_UNUSED_FUNCTION = YES;
				GCC_WARN_UNUSED_VARIABLE = YES;
				IPHONEOS_DEPLOYMENT_TARGET = 26.0;
				LOCALIZATION_PREFERS_STRING_CATALOGS = YES;
				MTL_ENABLE_DEBUG_INFO = NO;
				MTL_FAST_MATH = YES;
				SDKROOT = iphoneos;
				SWIFT_COMPILATION_MODE = wholemodule;
				VALIDATE_PRODUCT = YES;
			};
			name = Release;
		};
		653AEE502EED5BB500836DA1 /* Debug */ = {
			isa = XCBuildConfiguration;
			buildSettings = {
				ASSETCATALOG_COMPILER_APPICON_NAME = AppIcon;
				ASSETCATALOG_COMPILER_GLOBAL_ACCENT_COLOR_NAME = AccentColor;
				CODE_SIGN_STYLE = Automatic;
				CURRENT_PROJECT_VERSION = 1;
				DEVELOPMENT_TEAM = XN9364SF28;
				ENABLE_PREVIEWS = YES;
				INFOPLIST_FILE = Info.plist;
				INFOPLIST_KEY_CFBundleDisplayName = "Auto Stickers";
				LD_RUNPATH_SEARCH_PATHS = (
					"$(inherited)",
					"@executable_path/Frameworks",
				);
				MARKETING_VERSION = 1.0;
				PRODUCT_BUNDLE_IDENTIFIER = com.cybergarden.autostickers;
				PRODUCT_NAME = "$(TARGET_NAME)";
				STRING_CATALOG_GENERATE_SYMBOLS = YES;
				SWIFT_APPROACHABLE_CONCURRENCY = YES;
				SWIFT_DEFAULT_ACTOR_ISOLATION = MainActor;
				SWIFT_EMIT_LOC_STRINGS = YES;
				SWIFT_UPCOMING_FEATURE_MEMBER_IMPORT_VISIBILITY = YES;
				SWIFT_VERSION = 5.0;
				TARGETED_DEVICE_FAMILY = "1,2";
			};
			name = Debug;
		};
		653AEE512EED5BB500836DA1 /* Release */ = {
			isa = XCBuildConfiguration;
			buildSettings = {
				ASSETCATALOG_COMPILER_APPICON_NAME = AppIcon;
				ASSETCATALOG_COMPILER_GLOBAL_ACCENT_COLOR_NAME = AccentColor;
				CODE_SIGN_STYLE = Automatic;
				CURRENT_PROJECT_VERSION = 1;
				DEVELOPMENT_TEAM = XN9364SF28;
				ENABLE_PREVIEWS = YES;
				INFOPLIST_FILE = Info.plist;
				INFOPLIST_KEY_CFBundleDisplayName = "Auto Stickers";
				LD_RUNPATH_SEARCH_PATHS = (
					"$(inherited)",
					"@executable_path/Frameworks",
				);
				MARKETING_VERSION = 1.0;
				PRODUCT_BUNDLE_IDENTIFIER = com.cybergarden.autostickers;
				PRODUCT_NAME = "$(TARGET_NAME)";
				STRING_CATALOG_GENERATE_SYMBOLS = YES;
				SWIFT_APPROACHABLE_CONCURRENCY = YES;
				SWIFT_DEFAULT_ACTOR_ISOLATION = MainActor;
				SWIFT_EMIT_LOC_STRINGS = YES;
				SWIFT_UPCOMING_FEATURE_MEMBER_IMPORT_VISIBILITY = YES;
				SWIFT_VERSION = 5.0;
				TARGETED_DEVICE_FAMILY = "1,2";
			};
			name = Release;
		};
		653AEE532EED5BB500836DA1 /* Debug */ = {
			isa = XCBuildConfiguration;
			buildSettings = {
				BUNDLE_LOADER = "$(TEST_HOST)";
				CODE_SIGN_STYLE = Automatic;
				CURRENT_PROJECT_VERSION = 1;
				DEVELOPMENT_TEAM = XN9364SF28;
				GENERATE_INFOPLIST_FILE = YES;
				IPHONEOS_DEPLOYMENT_TARGET = 26.0;
				MARKETING_VERSION = 1.0;
				PRODUCT_BUNDLE_IDENTIFIER = com.cybergarden.autostickersTests;
				PRODUCT_NAME = "$(TARGET_NAME)";
				STRING_CATALOG_GENERATE_SYMBOLS = NO;
				SWIFT_APPROACHABLE_CONCURRENCY = YES;
				SWIFT_EMIT_LOC_STRINGS = NO;
				SWIFT_UPCOMING_FEATURE_MEMBER_IMPORT_VISIBILITY = YES;
				SWIFT_VERSION = 5.0;
				TARGETED_DEVICE_FAMILY = "1,2";
				TEST_HOST = "$(BUILT_PRODUCTS_DIR)/meta-stickers.app/$(BUNDLE_EXECUTABLE_FOLDER_PATH)/meta-stickers";
			};
			name = Debug;
		};
		653AEE542EED5BB500836DA1 /* Release */ = {
			isa = XCBuildConfiguration;
			buildSettings = {
				BUNDLE_LOADER = "$(TEST_HOST)";
				CODE_SIGN_STYLE = Automatic;
				CURRENT_PROJECT_VERSION = 1;
				DEVELOPMENT_TEAM = XN9364SF28;
				GENERATE_INFOPLIST_FILE = YES;
				IPHONEOS_DEPLOYMENT_TARGET = 26.0;
				MARKETING_VERSION = 1.0;
				PRODUCT_BUNDLE_IDENTIFIER = com.cybergarden.autostickersTests;
				PRODUCT_NAME = "$(TARGET_NAME)";
				STRING_CATALOG_GENERATE_SYMBOLS = NO;
				SWIFT_APPROACHABLE_CONCURRENCY = YES;
				SWIFT_EMIT_LOC_STRINGS = NO;
				SWIFT_UPCOMING_FEATURE_MEMBER_IMPORT_VISIBILITY = YES;
				SWIFT_VERSION = 5.0;
				TARGETED_DEVICE_FAMILY = "1,2";
				TEST_HOST = "$(BUILT_PRODUCTS_DIR)/meta-stickers.app/$(BUNDLE_EXECUTABLE_FOLDER_PATH)/meta-stickers";
			};
			name = Release;
		};
		653AEE562EED5BB500836DA1 /* Debug */ = {
			isa = XCBuildConfiguration;
			buildSettings = {
				CODE_SIGN_STYLE = Automatic;
				CURRENT_PROJECT_VERSION = 1;
				DEVELOPMENT_TEAM = XN9364SF28;
				GENERATE_INFOPLIST_FILE = YES;
				MARKETING_VERSION = 1.0;
				PRODUCT_BUNDLE_IDENTIFIER = com.cybergarden.autostickersUITests;
				PRODUCT_NAME = "$(TARGET_NAME)";
				STRING_CATALOG_GENERATE_SYMBOLS = NO;
				SWIFT_APPROACHABLE_CONCURRENCY = YES;
				SWIFT_EMIT_LOC_STRINGS = NO;
				SWIFT_UPCOMING_FEATURE_MEMBER_IMPORT_VISIBILITY = YES;
				SWIFT_VERSION = 5.0;
				TARGETED_DEVICE_FAMILY = "1,2";
				TEST_TARGET_NAME = "meta-stickers";
			};
			name = Debug;
		};
		653AEE572EED5BB500836DA1 /* Release */ = {
			isa = XCBuildConfiguration;
			buildSettings = {
				CODE_SIGN_STYLE = Automatic;
				CURRENT_PROJECT_VERSION = 1;
				DEVELOPMENT_TEAM = XN9364SF28;
				GENERATE_INFOPLIST_FILE = YES;
				MARKETING_VERSION = 1.0;
				PRODUCT_BUNDLE_IDENTIFIER = com.cybergarden.autostickersUITests;
				PRODUCT_NAME = "$(TARGET_NAME)";
				STRING_CATALOG_GENERATE_SYMBOLS = NO;
				SWIFT_APPROACHABLE_CONCURRENCY = YES;
				SWIFT_EMIT_LOC_STRINGS = NO;
				SWIFT_UPCOMING_FEATURE_MEMBER_IMPORT_VISIBILITY = YES;
				SWIFT_VERSION = 5.0;
				TARGETED_DEVICE_FAMILY = "1,2";
				TEST_TARGET_NAME = "meta-stickers";
			};
			name = Release;
		};
/* End XCBuildConfiguration section */

/* Begin XCConfigurationList section */
		653AEE272EED5BB400836DA1 /* Build configuration list for PBXProject "meta-stickers" */ = {
			isa = XCConfigurationList;
			buildConfigurations = (
				653AEE4D2EED5BB500836DA1 /* Debug */,
				653AEE4E2EED5BB500836DA1 /* Release */,
			);
			defaultConfigurationIsVisible = 0;
			defaultConfigurationName = Release;
		};
		653AEE4F2EED5BB500836DA1 /* Build configuration list for PBXNativeTarget "meta-stickers" */ = {
			isa = XCConfigurationList;
			buildConfigurations = (
				653AEE502EED5BB500836DA1 /* Debug */,
				653AEE512EED5BB500836DA1 /* Release */,
			);
			defaultConfigurationIsVisible = 0;
			defaultConfigurationName = Release;
		};
		653AEE522EED5BB500836DA1 /* Build configuration list for PBXNativeTarget "meta-stickersTests" */ = {
			isa = XCConfigurationList;
			buildConfigurations = (
				653AEE532EED5BB500836DA1 /* Debug */,
				653AEE542EED5BB500836DA1 /* Release */,
			);
			defaultConfigurationIsVisible = 0;
			defaultConfigurationName = Release;
		};
		653AEE552EED5BB500836DA1 /* Build configuration list for PBXNativeTarget "meta-stickersUITests" */ = {
			isa = XCConfigurationList;
			buildConfigurations = (
				653AEE562EED5BB500836DA1 /* Debug */,
				653AEE572EED5BB500836DA1 /* Release */,
			);
			defaultConfigurationIsVisible = 0;
			defaultConfigurationName = Release;
		};
/* End XCConfigurationList section */

/* Begin XCRemoteSwiftPackageReference section */
		653AEE582EED5C2A00836DA1 /* XCRemoteSwiftPackageReference "meta-wearables-dat-ios" */ = {
			isa = XCRemoteSwiftPackageReference;
			repositoryURL = "https://github.com/facebook/meta-wearables-dat-ios";
			requirement = {
				kind = upToNextMajorVersion;
				minimumVersion = 0.2.1;
			};
		};
/* End XCRemoteSwiftPackageReference section */

/* Begin XCSwiftPackageProductDependency section */
		653AEE592EED5C2A00836DA1 /* MWDATCamera */ = {
			isa = XCSwiftPackageProductDependency;
			package = 653AEE582EED5C2A00836DA1 /* XCRemoteSwiftPackageReference "meta-wearables-dat-ios" */;
			productName = MWDATCamera;
		};
		653AEE5B2EED5C2A00836DA1 /* MWDATCore */ = {
			isa = XCSwiftPackageProductDependency;
			package = 653AEE582EED5C2A00836DA1 /* XCRemoteSwiftPackageReference "meta-wearables-dat-ios" */;
			productName = MWDATCore;
		};
		653AEE5D2EED5C2A00836DA1 /* MWDATMockDevice */ = {
			isa = XCSwiftPackageProductDependency;
			package = 653AEE582EED5C2A00836DA1 /* XCRemoteSwiftPackageReference "meta-wearables-dat-ios" */;
			productName = MWDATMockDevice;
		};
/* End XCSwiftPackageProductDependency section */
	};
	rootObject = 653AEE242EED5BB400836DA1 /* Project object */;
}
